// !$*UTF8*$!
{
	archiveVersion = 1;
	classes = {
	};
	objectVersion = 48;
	objects = {

/* Begin PBXBuildFile section */
		0CBBFEF51FDDC14B00BBC115 /* AppDelegate.swift in Sources */ = {isa = PBXBuildFile; fileRef = 0CBBFEF41FDDC14B00BBC115 /* AppDelegate.swift */; };
		0CBBFEF71FDDC14B00BBC115 /* ViewController.swift in Sources */ = {isa = PBXBuildFile; fileRef = 0CBBFEF61FDDC14B00BBC115 /* ViewController.swift */; };
		0CBBFEFA1FDDC14B00BBC115 /* Main.storyboard in Resources */ = {isa = PBXBuildFile; fileRef = 0CBBFEF81FDDC14B00BBC115 /* Main.storyboard */; };
		0CBBFEFC1FDDC14B00BBC115 /* Assets.xcassets in Resources */ = {isa = PBXBuildFile; fileRef = 0CBBFEFB1FDDC14B00BBC115 /* Assets.xcassets */; };
		0CBBFEFF1FDDC14B00BBC115 /* LaunchScreen.storyboard in Resources */ = {isa = PBXBuildFile; fileRef = 0CBBFEFD1FDDC14B00BBC115 /* LaunchScreen.storyboard */; };
/* End PBXBuildFile section */

/* Begin PBXFileReference section */
		0CBBFEF11FDDC14B00BBC115 /* Vegas.app */ = {isa = PBXFileReference; explicitFileType = wrapper.application; includeInIndex = 0; path = Vegas.app; sourceTree = BUILT_PRODUCTS_DIR; };
		0CBBFEF41FDDC14B00BBC115 /* AppDelegate.swift */ = {isa = PBXFileReference; lastKnownFileType = sourcecode.swift; path = AppDelegate.swift; sourceTree = "<group>"; };
		0CBBFEF61FDDC14B00BBC115 /* ViewController.swift */ = {isa = PBXFileReference; lastKnownFileType = sourcecode.swift; path = ViewController.swift; sourceTree = "<group>"; };
		0CBBFEF91FDDC14B00BBC115 /* Base */ = {isa = PBXFileReference; lastKnownFileType = file.storyboard; name = Base; path = Base.lproj/Main.storyboard; sourceTree = "<group>"; };
		0CBBFEFB1FDDC14B00BBC115 /* Assets.xcassets */ = {isa = PBXFileReference; lastKnownFileType = folder.assetcatalog; path = Assets.xcassets; sourceTree = "<group>"; };
		0CBBFEFE1FDDC14B00BBC115 /* Base */ = {isa = PBXFileReference; lastKnownFileType = file.storyboard; name = Base; path = Base.lproj/LaunchScreen.storyboard; sourceTree = "<group>"; };
		0CBBFF001FDDC14B00BBC115 /* Info.plist */ = {isa = PBXFileReference; lastKnownFileType = text.plist.xml; path = Info.plist; sourceTree = "<group>"; };
/* End PBXFileReference section */

/* Begin PBXFrameworksBuildPhase section */
		0CBBFEEE1FDDC14B00BBC115 /* Frameworks */ = {
			isa = PBXFrameworksBuildPhase;
			buildActionMask = 2147483647;
			files = (
			);
			runOnlyForDeploymentPostprocessing = 0;
		};
/* End PBXFrameworksBuildPhase section */

/* Begin PBXGroup section */
		0CBBFEE81FDDC14B00BBC115 = {
			isa = PBXGroup;
			children = (
				0CBBFEF31FDDC14B00BBC115 /* Vegas */,
				0CBBFEF21FDDC14B00BBC115 /* Products */,
			);
			sourceTree = "<group>";
		};
		0CBBFEF21FDDC14B00BBC115 /* Products */ = {
			isa = PBXGroup;
			children = (
				0CBBFEF11FDDC14B00BBC115 /* Vegas.app */,
			);
			name = Products;
			sourceTree = "<group>";
		};
		0CBBFEF31FDDC14B00BBC115 /* Vegas */ = {
			isa = PBXGroup;
			children = (
				0CBBFEF41FDDC14B00BBC115 /* AppDelegate.swift */,
				0CBBFEF61FDDC14B00BBC115 /* ViewController.swift */,
				0CBBFEF81FDDC14B00BBC115 /* Main.storyboard */,
				0CBBFEFB1FDDC14B00BBC115 /* Assets.xcassets */,
				0CBBFEFD1FDDC14B00BBC115 /* LaunchScreen.storyboard */,
				0CBBFF001FDDC14B00BBC115 /* Info.plist */,
			);
			path = Vegas;
			sourceTree = "<group>";
		};
/* End PBXGroup section */

/* Begin PBXNativeTarget section */
		0CBBFEF01FDDC14B00BBC115 /* Vegas */ = {
			isa = PBXNativeTarget;
			buildConfigurationList = 0CBBFF031FDDC14B00BBC115 /* Build configuration list for PBXNativeTarget "Vegas" */;
			buildPhases = (
				0CBBFEED1FDDC14B00BBC115 /* Sources */,
				0CBBFEEE1FDDC14B00BBC115 /* Frameworks */,
				0CBBFEEF1FDDC14B00BBC115 /* Resources */,
			);
			buildRules = (
			);
			dependencies = (
			);
			name = Vegas;
			productName = Vegas;
			productReference = 0CBBFEF11FDDC14B00BBC115 /* Vegas.app */;
			productType = "com.apple.product-type.application";
		};
/* End PBXNativeTarget section */

/* Begin PBXProject section */
		0CBBFEE91FDDC14B00BBC115 /* Project object */ = {
			isa = PBXProject;
			attributes = {
				LastSwiftUpdateCheck = 0920;
				LastUpgradeCheck = 0920;
				ORGANIZATIONNAME = "Michail Mishev";
				TargetAttributes = {
					0CBBFEF01FDDC14B00BBC115 = {
						CreatedOnToolsVersion = 9.2;
						ProvisioningStyle = Automatic;
					};
				};
			};
			buildConfigurationList = 0CBBFEEC1FDDC14B00BBC115 /* Build configuration list for PBXProject "Vegas" */;
			compatibilityVersion = "Xcode 8.0";
			developmentRegion = en;
			hasScannedForEncodings = 0;
			knownRegions = (
				en,
				Base,
			);
			mainGroup = 0CBBFEE81FDDC14B00BBC115;
			productRefGroup = 0CBBFEF21FDDC14B00BBC115 /* Products */;
			projectDirPath = "";
			projectRoot = "";
			targets = (
				0CBBFEF01FDDC14B00BBC115 /* Vegas */,
			);
		};
/* End PBXProject section */

/* Begin PBXResourcesBuildPhase section */
		0CBBFEEF1FDDC14B00BBC115 /* Resources */ = {
			isa = PBXResourcesBuildPhase;
			buildActionMask = 2147483647;
			files = (
				0CBBFEFF1FDDC14B00BBC115 /* LaunchScreen.storyboard in Resources */,
				0CBBFEFC1FDDC14B00BBC115 /* Assets.xcassets in Resources */,
				0CBBFEFA1FDDC14B00BBC115 /* Main.storyboard in Resources */,
			);
			runOnlyForDeploymentPostprocessing = 0;
		};
/* End PBXResourcesBuildPhase section */

/* Begin PBXSourcesBuildPhase section */
		0CBBFEED1FDDC14B00BBC115 /* Sources */ = {
			isa = PBXSourcesBuildPhase;
			buildActionMask = 2147483647;
			files = (
				0CBBFEF71FDDC14B00BBC115 /* ViewController.swift in Sources */,
				0CBBFEF51FDDC14B00BBC115 /* AppDelegate.swift in Sources */,
			);
			runOnlyForDeploymentPostprocessing = 0;
		};
/* End PBXSourcesBuildPhase section */

/* Begin PBXVariantGroup section */
		0CBBFEF81FDDC14B00BBC115 /* Main.storyboard */ = {
			isa = PBXVariantGroup;
			children = (
				0CBBFEF91FDDC14B00BBC115 /* Base */,
			);
			name = Main.storyboard;
			sourceTree = "<group>";
		};
		0CBBFEFD1FDDC14B00BBC115 /* LaunchScreen.storyboard */ = {
			isa = PBXVariantGroup;
			children = (
				0CBBFEFE1FDDC14B00BBC115 /* Base */,
			);
			name = LaunchScreen.storyboard;
			sourceTree = "<group>";
		};
/* End PBXVariantGroup section */

/* Begin XCBuildConfiguration section */
		0CBBFF011FDDC14B00BBC115 /* Debug */ = {
			isa = XCBuildConfiguration;
			buildSettings = {
				ALWAYS_SEARCH_USER_PATHS = NO;
				CLANG_ANALYZER_NONNULL = YES;
				CLANG_ANALYZER_NUMBER_OBJECT_CONVERSION = YES_AGGRESSIVE;
				CLANG_CXX_LANGUAGE_STANDARD = "gnu++14";
				CLANG_CXX_LIBRARY = "libc++";
				CLANG_ENABLE_MODULES = YES;
				CLANG_ENABLE_OBJC_ARC = YES;
				CLANG_WARN_BLOCK_CAPTURE_AUTORELEASING = YES;
				CLANG_WARN_BOOL_CONVERSION = YES;
				CLANG_WARN_COMMA = YES;
				CLANG_WARN_CONSTANT_CONVERSION = YES;
				CLANG_WARN_DIRECT_OBJC_ISA_USAGE = YES_ERROR;
				CLANG_WARN_DOCUMENTATION_COMMENTS = YES;
				CLANG_WARN_EMPTY_BODY = YES;
				CLANG_WARN_ENUM_CONVERSION = YES;
				CLANG_WARN_INFINITE_RECURSION = YES;
				CLANG_WARN_INT_CONVERSION = YES;
				CLANG_WARN_NON_LITERAL_NULL_CONVERSION = YES;
				CLANG_WARN_OBJC_LITERAL_CONVERSION = YES;
				CLANG_WARN_OBJC_ROOT_CLASS = YES_ERROR;
				CLANG_WARN_RANGE_LOOP_ANALYSIS = YES;
				CLANG_WARN_STRICT_PROTOTYPES = YES;
				CLANG_WARN_SUSPICIOUS_MOVE = YES;
				CLANG_WARN_UNGUARDED_AVAILABILITY = YES_AGGRESSIVE;
				CLANG_WARN_UNREACHABLE_CODE = YES;
				CLANG_WARN__DUPLICATE_METHOD_MATCH = YES;
				CODE_SIGN_IDENTITY = "iPhone Developer";
				COPY_PHASE_STRIP = NO;
				DEBUG_INFORMATION_FORMAT = dwarf;
				ENABLE_STRICT_OBJC_MSGSEND = YES;
				ENABLE_TESTABILITY = YES;
				GCC_C_LANGUAGE_STANDARD = gnu11;
				GCC_DYNAMIC_NO_PIC = NO;
				GCC_NO_COMMON_BLOCKS = YES;
				GCC_OPTIMIZATION_LEVEL = 0;
				GCC_PREPROCESSOR_DEFINITIONS = (
					"DEBUG=1",
					"$(inherited)",
				);
				GCC_WARN_64_TO_32_BIT_CONVERSION = YES;
				GCC_WARN_ABOUT_RETURN_TYPE = YES_ERROR;
				GCC_WARN_UNDECLARED_SELECTOR = YES;
				GCC_WARN_UNINITIALIZED_AUTOS = YES_AGGRESSIVE;
				GCC_WARN_UNUSED_FUNCTION = YES;
				GCC_WARN_UNUSED_VARIABLE = YES;
				IPHONEOS_DEPLOYMENT_TARGET = 11.2;
				MTL_ENABLE_DEBUG_INFO = YES;
				ONLY_ACTIVE_ARCH = YES;
				SDKROOT = iphoneos;
				SWIFT_ACTIVE_COMPILATION_CONDITIONS = DEBUG;
				SWIFT_OPTIMIZATION_LEVEL = "-Onone";
			};
			name = Debug;
		};
		0CBBFF021FDDC14B00BBC115 /* Release */ = {
			isa = XCBuildConfiguration;
			buildSettings = {
				ALWAYS_SEARCH_USER_PATHS = NO;
				CLANG_ANALYZER_NONNULL = YES;
				CLANG_ANALYZER_NUMBER_OBJECT_CONVERSION = YES_AGGRESSIVE;
				CLANG_CXX_LANGUAGE_STANDARD = "gnu++14";
				CLANG_CXX_LIBRARY = "libc++";
				CLANG_ENABLE_MODULES = YES;
				CLANG_ENABLE_OBJC_ARC = YES;
				CLANG_WARN_BLOCK_CAPTURE_AUTORELEASING = YES;
				CLANG_WARN_BOOL_CONVERSION = YES;
				CLANG_WARN_COMMA = YES;
				CLANG_WARN_CONSTANT_CONVERSION = YES;
				CLANG_WARN_DIRECT_OBJC_ISA_USAGE = YES_ERROR;
				CLANG_WARN_DOCUMENTATION_COMMENTS = YES;
				CLANG_WARN_EMPTY_BODY = YES;
				CLANG_WARN_ENUM_CONVERSION = YES;
				CLANG_WARN_INFINITE_RECURSION = YES;
				CLANG_WARN_INT_CONVERSION = YES;
				CLANG_WARN_NON_LITERAL_NULL_CONVERSION = YES;
				CLANG_WARN_OBJC_LITERAL_CONVERSION = YES;
				CLANG_WARN_OBJC_ROOT_CLASS = YES_ERROR;
				CLANG_WARN_RANGE_LOOP_ANALYSIS = YES;
				CLANG_WARN_STRICT_PROTOTYPES = YES;
				CLANG_WARN_SUSPICIOUS_MOVE = YES;
				CLANG_WARN_UNGUARDED_AVAILABILITY = YES_AGGRESSIVE;
				CLANG_WARN_UNREACHABLE_CODE = YES;
				CLANG_WARN__DUPLICATE_METHOD_MATCH = YES;
				CODE_SIGN_IDENTITY = "iPhone Developer";
				COPY_PHASE_STRIP = NO;
				DEBUG_INFORMATION_FORMAT = "dwarf-with-dsym";
				ENABLE_NS_ASSERTIONS = NO;
				ENABLE_STRICT_OBJC_MSGSEND = YES;
				GCC_C_LANGUAGE_STANDARD = gnu11;
				GCC_NO_COMMON_BLOCKS = YES;
				GCC_WARN_64_TO_32_BIT_CONVERSION = YES;
				GCC_WARN_ABOUT_RETURN_TYPE = YES_ERROR;
				GCC_WARN_UNDECLARED_SELECTOR = YES;
				GCC_WARN_UNINITIALIZED_AUTOS = YES_AGGRESSIVE;
				GCC_WARN_UNUSED_FUNCTION = YES;
				GCC_WARN_UNUSED_VARIABLE = YES;
				IPHONEOS_DEPLOYMENT_TARGET = 11.2;
				MTL_ENABLE_DEBUG_INFO = NO;
				SDKROOT = iphoneos;
				SWIFT_OPTIMIZATION_LEVEL = "-Owholemodule";
				VALIDATE_PRODUCT = YES;
			};
			name = Release;
		};
		0CBBFF041FDDC14B00BBC115 /* Debug */ = {
			isa = XCBuildConfiguration;
			buildSettings = {
				ASSETCATALOG_COMPILER_APPICON_NAME = AppIcon;
				CODE_SIGN_STYLE = Automatic;
				INFOPLIST_FILE = Vegas/Info.plist;
				IPHONEOS_DEPLOYMENT_TARGET = 9.0;
				LD_RUNPATH_SEARCH_PATHS = "$(inherited) @executable_path/Frameworks";
				PRODUCT_BUNDLE_IDENTIFIER = com.michailmishev.Vegas;
				PRODUCT_NAME = "$(TARGET_NAME)";
				SWIFT_VERSION = 4.0;
				TARGETED_DEVICE_FAMILY = "1,2";
			};
			name = Debug;
		};
		0CBBFF051FDDC14B00BBC115 /* Release */ = {
			isa = XCBuildConfiguration;
			buildSettings = {
				ASSETCATALOG_COMPILER_APPICON_NAME = AppIcon;
				CODE_SIGN_STYLE = Automatic;
				INFOPLIST_FILE = Vegas/Info.plist;
				IPHONEOS_DEPLOYMENT_TARGET = 9.0;
				LD_RUNPATH_SEARCH_PATHS = "$(inherited) @executable_path/Frameworks";
				PRODUCT_BUNDLE_IDENTIFIER = com.michailmishev.Vegas;
				PRODUCT_NAME = "$(TARGET_NAME)";
				SWIFT_VERSION = 4.0;
				TARGETED_DEVICE_FAMILY = "1,2";
			};
			name = Release;
		};
/* End XCBuildConfiguration section */

/* Begin XCConfigurationList section */
		0CBBFEEC1FDDC14B00BBC115 /* Build configuration list for PBXProject "Vegas" */ = {
			isa = XCConfigurationList;
			buildConfigurations = (
				0CBBFF011FDDC14B00BBC115 /* Debug */,
				0CBBFF021FDDC14B00BBC115 /* Release */,
			);
			defaultConfigurationIsVisible = 0;
			defaultConfigurationName = Release;
		};
		0CBBFF031FDDC14B00BBC115 /* Build configuration list for PBXNativeTarget "Vegas" */ = {
			isa = XCConfigurationList;
			buildConfigurations = (
				0CBBFF041FDDC14B00BBC115 /* Debug */,
				0CBBFF051FDDC14B00BBC115 /* Release */,
			);
			defaultConfigurationIsVisible = 0;
			defaultConfigurationName = Release;
		};
/* End XCConfigurationList section */
	};
	rootObject = 0CBBFEE91FDDC14B00BBC115 /* Project object */;
}
